// !$*UTF8*$!
{
	archiveVersion = 1;
	classes = {
	};
	objectVersion = 50;
	objects = {

/* Begin PBXBuildFile section */
		413D8B4B9B6D6F50FB5E9C0C /* Pods_CustomKeyboard.framework in Frameworks */ = {isa = PBXBuildFile; fileRef = AFF24735C25A5B3F64750BE7 /* Pods_CustomKeyboard.framework */; };
		8DFD9978F9AD86516FD367FB /* Pods_IPAKeyboard.framework in Frameworks */ = {isa = PBXBuildFile; fileRef = BDFC8817A89F20F611F6ECD7 /* Pods_IPAKeyboard.framework */; };
		CF8670FF20CA50B2007E38B9 /* LeKeyboardView.swift in Sources */ = {isa = PBXBuildFile; fileRef = CF8670FB20CA50B2007E38B9 /* LeKeyboardView.swift */; };
		CF86710020CA50B2007E38B9 /* ShapeButton.swift in Sources */ = {isa = PBXBuildFile; fileRef = CF8670FC20CA50B2007E38B9 /* ShapeButton.swift */; };
		CF86710120CA50B2007E38B9 /* UIViewExtension.swift in Sources */ = {isa = PBXBuildFile; fileRef = CF8670FD20CA50B2007E38B9 /* UIViewExtension.swift */; };
		CF86710220CA50B2007E38B9 /* LeKeyboardView.xib in Resources */ = {isa = PBXBuildFile; fileRef = CF8670FE20CA50B2007E38B9 /* LeKeyboardView.xib */; };
		CF86710320CA5140007E38B9 /* LeKeyboardView.swift in Sources */ = {isa = PBXBuildFile; fileRef = CF8670FB20CA50B2007E38B9 /* LeKeyboardView.swift */; };
		CF86710420CA514B007E38B9 /* ShapeButton.swift in Sources */ = {isa = PBXBuildFile; fileRef = CF8670FC20CA50B2007E38B9 /* ShapeButton.swift */; };
		CF86710520CA517A007E38B9 /* UIViewExtension.swift in Sources */ = {isa = PBXBuildFile; fileRef = CF8670FD20CA50B2007E38B9 /* UIViewExtension.swift */; };
		CF86710720CA5191007E38B9 /* CommonUtils.swift in Sources */ = {isa = PBXBuildFile; fileRef = CF86710620CA5190007E38B9 /* CommonUtils.swift */; };
		CF86710820CA519B007E38B9 /* CommonUtils.swift in Sources */ = {isa = PBXBuildFile; fileRef = CF86710620CA5190007E38B9 /* CommonUtils.swift */; };
		CF95498720CA4F700017C167 /* AppDelegate.swift in Sources */ = {isa = PBXBuildFile; fileRef = CF95498620CA4F700017C167 /* AppDelegate.swift */; };
		CF95498920CA4F700017C167 /* ViewController.swift in Sources */ = {isa = PBXBuildFile; fileRef = CF95498820CA4F700017C167 /* ViewController.swift */; };
		CF95498C20CA4F700017C167 /* Main.storyboard in Resources */ = {isa = PBXBuildFile; fileRef = CF95498A20CA4F700017C167 /* Main.storyboard */; };
		CF95498E20CA4F720017C167 /* Assets.xcassets in Resources */ = {isa = PBXBuildFile; fileRef = CF95498D20CA4F720017C167 /* Assets.xcassets */; };
		CF95499120CA4F720017C167 /* LaunchScreen.storyboard in Resources */ = {isa = PBXBuildFile; fileRef = CF95498F20CA4F720017C167 /* LaunchScreen.storyboard */; };
		CF95499F20CA4FF00017C167 /* KeyboardViewController.swift in Sources */ = {isa = PBXBuildFile; fileRef = CF95499E20CA4FF00017C167 /* KeyboardViewController.swift */; };
		CF9549A320CA4FF00017C167 /* CustomKeyboard.appex in Embed App Extensions */ = {isa = PBXBuildFile; fileRef = CF95499C20CA4FF00017C167 /* CustomKeyboard.appex */; settings = {ATTRIBUTES = (RemoveHeadersOnCopy, ); }; };
/* End PBXBuildFile section */

/* Begin PBXContainerItemProxy section */
		CF9549A120CA4FF00017C167 /* PBXContainerItemProxy */ = {
			isa = PBXContainerItemProxy;
			containerPortal = CF95497B20CA4F700017C167 /* Project object */;
			proxyType = 1;
			remoteGlobalIDString = CF95499B20CA4FF00017C167;
			remoteInfo = CustomKeyboard;
		};
/* End PBXContainerItemProxy section */

/* Begin PBXCopyFilesBuildPhase section */
		CF9549A720CA4FF00017C167 /* Embed App Extensions */ = {
			isa = PBXCopyFilesBuildPhase;
			buildActionMask = 2147483647;
			dstPath = "";
			dstSubfolderSpec = 13;
			files = (
				CF9549A320CA4FF00017C167 /* CustomKeyboard.appex in Embed App Extensions */,
			);
			name = "Embed App Extensions";
			runOnlyForDeploymentPostprocessing = 0;
		};
/* End PBXCopyFilesBuildPhase section */

/* Begin PBXFileReference section */
		71307C6D0B2109CCD422BE57 /* Pods-CustomKeyboard.release.xcconfig */ = {isa = PBXFileReference; includeInIndex = 1; lastKnownFileType = text.xcconfig; name = "Pods-CustomKeyboard.release.xcconfig"; path = "Pods/Target Support Files/Pods-CustomKeyboard/Pods-CustomKeyboard.release.xcconfig"; sourceTree = "<group>"; };
		9B06B9FE3A8EE2DA504279DB /* Pods-IPAKeyboard.release.xcconfig */ = {isa = PBXFileReference; includeInIndex = 1; lastKnownFileType = text.xcconfig; name = "Pods-IPAKeyboard.release.xcconfig"; path = "Pods/Target Support Files/Pods-IPAKeyboard/Pods-IPAKeyboard.release.xcconfig"; sourceTree = "<group>"; };
		AFF24735C25A5B3F64750BE7 /* Pods_CustomKeyboard.framework */ = {isa = PBXFileReference; explicitFileType = wrapper.framework; includeInIndex = 0; path = Pods_CustomKeyboard.framework; sourceTree = BUILT_PRODUCTS_DIR; };
		B8D7722CFDBD84331A79842B /* Pods-IPAKeyboard.debug.xcconfig */ = {isa = PBXFileReference; includeInIndex = 1; lastKnownFileType = text.xcconfig; name = "Pods-IPAKeyboard.debug.xcconfig"; path = "Pods/Target Support Files/Pods-IPAKeyboard/Pods-IPAKeyboard.debug.xcconfig"; sourceTree = "<group>"; };
		BDFC8817A89F20F611F6ECD7 /* Pods_IPAKeyboard.framework */ = {isa = PBXFileReference; explicitFileType = wrapper.framework; includeInIndex = 0; path = Pods_IPAKeyboard.framework; sourceTree = BUILT_PRODUCTS_DIR; };
		C340F9D4F5444124676F1AF6 /* Pods-CustomKeyboard.debug.xcconfig */ = {isa = PBXFileReference; includeInIndex = 1; lastKnownFileType = text.xcconfig; name = "Pods-CustomKeyboard.debug.xcconfig"; path = "Pods/Target Support Files/Pods-CustomKeyboard/Pods-CustomKeyboard.debug.xcconfig"; sourceTree = "<group>"; };
		CF8670FB20CA50B2007E38B9 /* LeKeyboardView.swift */ = {isa = PBXFileReference; fileEncoding = 4; lastKnownFileType = sourcecode.swift; path = LeKeyboardView.swift; sourceTree = "<group>"; };
		CF8670FC20CA50B2007E38B9 /* ShapeButton.swift */ = {isa = PBXFileReference; fileEncoding = 4; lastKnownFileType = sourcecode.swift; path = ShapeButton.swift; sourceTree = "<group>"; };
		CF8670FD20CA50B2007E38B9 /* UIViewExtension.swift */ = {isa = PBXFileReference; fileEncoding = 4; lastKnownFileType = sourcecode.swift; path = UIViewExtension.swift; sourceTree = "<group>"; };
		CF8670FE20CA50B2007E38B9 /* LeKeyboardView.xib */ = {isa = PBXFileReference; fileEncoding = 4; lastKnownFileType = file.xib; path = LeKeyboardView.xib; sourceTree = "<group>"; };
		CF86710620CA5190007E38B9 /* CommonUtils.swift */ = {isa = PBXFileReference; fileEncoding = 4; lastKnownFileType = sourcecode.swift; path = CommonUtils.swift; sourceTree = "<group>"; };
		CF95498320CA4F700017C167 /* IPAKeyboard.app */ = {isa = PBXFileReference; explicitFileType = wrapper.application; includeInIndex = 0; path = IPAKeyboard.app; sourceTree = BUILT_PRODUCTS_DIR; };
		CF95498620CA4F700017C167 /* AppDelegate.swift */ = {isa = PBXFileReference; lastKnownFileType = sourcecode.swift; path = AppDelegate.swift; sourceTree = "<group>"; };
		CF95498820CA4F700017C167 /* ViewController.swift */ = {isa = PBXFileReference; lastKnownFileType = sourcecode.swift; path = ViewController.swift; sourceTree = "<group>"; };
		CF95498B20CA4F700017C167 /* Base */ = {isa = PBXFileReference; lastKnownFileType = file.storyboard; name = Base; path = Base.lproj/Main.storyboard; sourceTree = "<group>"; };
		CF95498D20CA4F720017C167 /* Assets.xcassets */ = {isa = PBXFileReference; lastKnownFileType = folder.assetcatalog; path = Assets.xcassets; sourceTree = "<group>"; };
		CF95499020CA4F720017C167 /* Base */ = {isa = PBXFileReference; lastKnownFileType = file.storyboard; name = Base; path = Base.lproj/LaunchScreen.storyboard; sourceTree = "<group>"; };
		CF95499220CA4F720017C167 /* Info.plist */ = {isa = PBXFileReference; lastKnownFileType = text.plist.xml; path = Info.plist; sourceTree = "<group>"; };
		CF95499C20CA4FF00017C167 /* CustomKeyboard.appex */ = {isa = PBXFileReference; explicitFileType = "wrapper.app-extension"; includeInIndex = 0; path = CustomKeyboard.appex; sourceTree = BUILT_PRODUCTS_DIR; };
		CF95499E20CA4FF00017C167 /* KeyboardViewController.swift */ = {isa = PBXFileReference; lastKnownFileType = sourcecode.swift; path = KeyboardViewController.swift; sourceTree = "<group>"; };
		CF9549A020CA4FF00017C167 /* Info.plist */ = {isa = PBXFileReference; lastKnownFileType = text.plist.xml; path = Info.plist; sourceTree = "<group>"; };
/* End PBXFileReference section */

/* Begin PBXFrameworksBuildPhase section */
		CF95498020CA4F700017C167 /* Frameworks */ = {
			isa = PBXFrameworksBuildPhase;
			buildActionMask = 2147483647;
			files = (
				8DFD9978F9AD86516FD367FB /* Pods_IPAKeyboard.framework in Frameworks */,
			);
			runOnlyForDeploymentPostprocessing = 0;
		};
		CF95499920CA4FF00017C167 /* Frameworks */ = {
			isa = PBXFrameworksBuildPhase;
			buildActionMask = 2147483647;
			files = (
				413D8B4B9B6D6F50FB5E9C0C /* Pods_CustomKeyboard.framework in Frameworks */,
			);
			runOnlyForDeploymentPostprocessing = 0;
		};
/* End PBXFrameworksBuildPhase section */

/* Begin PBXGroup section */
		271FB32DC580B66AEE2B7DD8 /* Pods */ = {
			isa = PBXGroup;
			children = (
				C340F9D4F5444124676F1AF6 /* Pods-CustomKeyboard.debug.xcconfig */,
				71307C6D0B2109CCD422BE57 /* Pods-CustomKeyboard.release.xcconfig */,
				B8D7722CFDBD84331A79842B /* Pods-IPAKeyboard.debug.xcconfig */,
				9B06B9FE3A8EE2DA504279DB /* Pods-IPAKeyboard.release.xcconfig */,
			);
			name = Pods;
			sourceTree = "<group>";
		};
		80800ECEB7E485DE9E779A6D /* Frameworks */ = {
			isa = PBXGroup;
			children = (
				AFF24735C25A5B3F64750BE7 /* Pods_CustomKeyboard.framework */,
				BDFC8817A89F20F611F6ECD7 /* Pods_IPAKeyboard.framework */,
			);
			name = Frameworks;
			sourceTree = "<group>";
		};
		CF95497A20CA4F700017C167 = {
			isa = PBXGroup;
			children = (
				CF95498520CA4F700017C167 /* IPAKeyboard */,
				CF95499D20CA4FF00017C167 /* CustomKeyboard */,
				CF95498420CA4F700017C167 /* Products */,
				271FB32DC580B66AEE2B7DD8 /* Pods */,
				80800ECEB7E485DE9E779A6D /* Frameworks */,
			);
			sourceTree = "<group>";
		};
		CF95498420CA4F700017C167 /* Products */ = {
			isa = PBXGroup;
			children = (
				CF95498320CA4F700017C167 /* IPAKeyboard.app */,
				CF95499C20CA4FF00017C167 /* CustomKeyboard.appex */,
			);
			name = Products;
			sourceTree = "<group>";
		};
		CF95498520CA4F700017C167 /* IPAKeyboard */ = {
			isa = PBXGroup;
			children = (
				CF95498620CA4F700017C167 /* AppDelegate.swift */,
				CF95498820CA4F700017C167 /* ViewController.swift */,
				CF95498A20CA4F700017C167 /* Main.storyboard */,
				CF95498D20CA4F720017C167 /* Assets.xcassets */,
				CF95498F20CA4F720017C167 /* LaunchScreen.storyboard */,
				CF95499220CA4F720017C167 /* Info.plist */,
				CF8670FB20CA50B2007E38B9 /* LeKeyboardView.swift */,
				CF8670FE20CA50B2007E38B9 /* LeKeyboardView.xib */,
				CF8670FC20CA50B2007E38B9 /* ShapeButton.swift */,
				CF8670FD20CA50B2007E38B9 /* UIViewExtension.swift */,
				CF86710620CA5190007E38B9 /* CommonUtils.swift */,
			);
			path = IPAKeyboard;
			sourceTree = "<group>";
		};
		CF95499D20CA4FF00017C167 /* CustomKeyboard */ = {
			isa = PBXGroup;
			children = (
				CF95499E20CA4FF00017C167 /* KeyboardViewController.swift */,
				CF9549A020CA4FF00017C167 /* Info.plist */,
			);
			path = CustomKeyboard;
			sourceTree = "<group>";
		};
/* End PBXGroup section */

/* Begin PBXNativeTarget section */
		CF95498220CA4F700017C167 /* IPAKeyboard */ = {
			isa = PBXNativeTarget;
			buildConfigurationList = CF95499520CA4F720017C167 /* Build configuration list for PBXNativeTarget "IPAKeyboard" */;
			buildPhases = (
				46B413A89FA16D6904D5611A /* [CP] Check Pods Manifest.lock */,
				CF95497F20CA4F700017C167 /* Sources */,
				CF95498020CA4F700017C167 /* Frameworks */,
				CF95498120CA4F700017C167 /* Resources */,
				CF9549A720CA4FF00017C167 /* Embed App Extensions */,
				B9568C4F414C0C1ADFAA592D /* [CP] Embed Pods Frameworks */,
			);
			buildRules = (
			);
			dependencies = (
				CF9549A220CA4FF00017C167 /* PBXTargetDependency */,
			);
			name = IPAKeyboard;
			productName = IPAKeyboard;
			productReference = CF95498320CA4F700017C167 /* IPAKeyboard.app */;
			productType = "com.apple.product-type.application";
		};
		CF95499B20CA4FF00017C167 /* CustomKeyboard */ = {
			isa = PBXNativeTarget;
			buildConfigurationList = CF9549A420CA4FF00017C167 /* Build configuration list for PBXNativeTarget "CustomKeyboard" */;
			buildPhases = (
				28BF19D05A8411090685ECB0 /* [CP] Check Pods Manifest.lock */,
				CF95499820CA4FF00017C167 /* Sources */,
				CF95499920CA4FF00017C167 /* Frameworks */,
				CF95499A20CA4FF00017C167 /* Resources */,
			);
			buildRules = (
			);
			dependencies = (
			);
			name = CustomKeyboard;
			productName = CustomKeyboard;
			productReference = CF95499C20CA4FF00017C167 /* CustomKeyboard.appex */;
			productType = "com.apple.product-type.app-extension";
		};
/* End PBXNativeTarget section */

/* Begin PBXProject section */
		CF95497B20CA4F700017C167 /* Project object */ = {
			isa = PBXProject;
			attributes = {
				LastSwiftUpdateCheck = 0940;
				LastUpgradeCheck = 0940;
				ORGANIZATIONNAME = "Nguyen Van Thieu";
				TargetAttributes = {
					CF95498220CA4F700017C167 = {
						CreatedOnToolsVersion = 9.4;
					};
					CF95499B20CA4FF00017C167 = {
						CreatedOnToolsVersion = 9.4;
					};
				};
			};
			buildConfigurationList = CF95497E20CA4F700017C167 /* Build configuration list for PBXProject "IPAKeyboard" */;
			compatibilityVersion = "Xcode 9.3";
			developmentRegion = en;
			hasScannedForEncodings = 0;
			knownRegions = (
				en,
				Base,
			);
			mainGroup = CF95497A20CA4F700017C167;
			productRefGroup = CF95498420CA4F700017C167 /* Products */;
			projectDirPath = "";
			projectRoot = "";
			targets = (
				CF95498220CA4F700017C167 /* IPAKeyboard */,
				CF95499B20CA4FF00017C167 /* CustomKeyboard */,
			);
		};
/* End PBXProject section */

/* Begin PBXResourcesBuildPhase section */
		CF95498120CA4F700017C167 /* Resources */ = {
			isa = PBXResourcesBuildPhase;
			buildActionMask = 2147483647;
			files = (
				CF86710220CA50B2007E38B9 /* LeKeyboardView.xib in Resources */,
				CF95499120CA4F720017C167 /* LaunchScreen.storyboard in Resources */,
				CF95498E20CA4F720017C167 /* Assets.xcassets in Resources */,
				CF95498C20CA4F700017C167 /* Main.storyboard in Resources */,
			);
			runOnlyForDeploymentPostprocessing = 0;
		};
		CF95499A20CA4FF00017C167 /* Resources */ = {
			isa = PBXResourcesBuildPhase;
			buildActionMask = 2147483647;
			files = (
			);
			runOnlyForDeploymentPostprocessing = 0;
		};
/* End PBXResourcesBuildPhase section */

/* Begin PBXShellScriptBuildPhase section */
		28BF19D05A8411090685ECB0 /* [CP] Check Pods Manifest.lock */ = {
			isa = PBXShellScriptBuildPhase;
			buildActionMask = 2147483647;
			files = (
			);
			inputPaths = (
				"${PODS_PODFILE_DIR_PATH}/Podfile.lock",
				"${PODS_ROOT}/Manifest.lock",
			);
			name = "[CP] Check Pods Manifest.lock";
			outputPaths = (
				"$(DERIVED_FILE_DIR)/Pods-CustomKeyboard-checkManifestLockResult.txt",
			);
			runOnlyForDeploymentPostprocessing = 0;
			shellPath = /bin/sh;
			shellScript = "diff \"${PODS_PODFILE_DIR_PATH}/Podfile.lock\" \"${PODS_ROOT}/Manifest.lock\" > /dev/null\nif [ $? != 0 ] ; then\n    # print error to STDERR\n    echo \"error: The sandbox is not in sync with the Podfile.lock. Run 'pod install' or update your CocoaPods installation.\" >&2\n    exit 1\nfi\n# This output is used by Xcode 'outputs' to avoid re-running this script phase.\necho \"SUCCESS\" > \"${SCRIPT_OUTPUT_FILE_0}\"\n";
			showEnvVarsInLog = 0;
		};
		46B413A89FA16D6904D5611A /* [CP] Check Pods Manifest.lock */ = {
			isa = PBXShellScriptBuildPhase;
			buildActionMask = 2147483647;
			files = (
			);
			inputPaths = (
				"${PODS_PODFILE_DIR_PATH}/Podfile.lock",
				"${PODS_ROOT}/Manifest.lock",
			);
			name = "[CP] Check Pods Manifest.lock";
			outputPaths = (
				"$(DERIVED_FILE_DIR)/Pods-IPAKeyboard-checkManifestLockResult.txt",
			);
			runOnlyForDeploymentPostprocessing = 0;
			shellPath = /bin/sh;
			shellScript = "diff \"${PODS_PODFILE_DIR_PATH}/Podfile.lock\" \"${PODS_ROOT}/Manifest.lock\" > /dev/null\nif [ $? != 0 ] ; then\n    # print error to STDERR\n    echo \"error: The sandbox is not in sync with the Podfile.lock. Run 'pod install' or update your CocoaPods installation.\" >&2\n    exit 1\nfi\n# This output is used by Xcode 'outputs' to avoid re-running this script phase.\necho \"SUCCESS\" > \"${SCRIPT_OUTPUT_FILE_0}\"\n";
			showEnvVarsInLog = 0;
		};
		B9568C4F414C0C1ADFAA592D /* [CP] Embed Pods Frameworks */ = {
			isa = PBXShellScriptBuildPhase;
			buildActionMask = 2147483647;
			files = (
			);
			inputPaths = (
				"${SRCROOT}/Pods/Target Support Files/Pods-IPAKeyboard/Pods-IPAKeyboard-frameworks.sh",
				"${BUILT_PRODUCTS_DIR}/LazySwifter/LazySwifter.framework",
				"${BUILT_PRODUCTS_DIR}/SnapKit/SnapKit.framework",
			);
			name = "[CP] Embed Pods Frameworks";
			outputPaths = (
				"${TARGET_BUILD_DIR}/${FRAMEWORKS_FOLDER_PATH}/LazySwifter.framework",
				"${TARGET_BUILD_DIR}/${FRAMEWORKS_FOLDER_PATH}/SnapKit.framework",
			);
			runOnlyForDeploymentPostprocessing = 0;
			shellPath = /bin/sh;
			shellScript = "\"${SRCROOT}/Pods/Target Support Files/Pods-IPAKeyboard/Pods-IPAKeyboard-frameworks.sh\"\n";
			showEnvVarsInLog = 0;
		};
/* End PBXShellScriptBuildPhase section */

/* Begin PBXSourcesBuildPhase section */
		CF95497F20CA4F700017C167 /* Sources */ = {
			isa = PBXSourcesBuildPhase;
			buildActionMask = 2147483647;
			files = (
				CF86710120CA50B2007E38B9 /* UIViewExtension.swift in Sources */,
				CF95498920CA4F700017C167 /* ViewController.swift in Sources */,
				CF86710020CA50B2007E38B9 /* ShapeButton.swift in Sources */,
				CF8670FF20CA50B2007E38B9 /* LeKeyboardView.swift in Sources */,
				CF86710720CA5191007E38B9 /* CommonUtils.swift in Sources */,
				CF95498720CA4F700017C167 /* AppDelegate.swift in Sources */,
			);
			runOnlyForDeploymentPostprocessing = 0;
		};
		CF95499820CA4FF00017C167 /* Sources */ = {
			isa = PBXSourcesBuildPhase;
			buildActionMask = 2147483647;
			files = (
				CF86710320CA5140007E38B9 /* LeKeyboardView.swift in Sources */,
				CF86710820CA519B007E38B9 /* CommonUtils.swift in Sources */,
				CF86710420CA514B007E38B9 /* ShapeButton.swift in Sources */,
				CF86710520CA517A007E38B9 /* UIViewExtension.swift in Sources */,
				CF95499F20CA4FF00017C167 /* KeyboardViewController.swift in Sources */,
			);
			runOnlyForDeploymentPostprocessing = 0;
		};
/* End PBXSourcesBuildPhase section */

/* Begin PBXTargetDependency section */
		CF9549A220CA4FF00017C167 /* PBXTargetDependency */ = {
			isa = PBXTargetDependency;
			target = CF95499B20CA4FF00017C167 /* CustomKeyboard */;
			targetProxy = CF9549A120CA4FF00017C167 /* PBXContainerItemProxy */;
		};
/* End PBXTargetDependency section */

/* Begin PBXVariantGroup section */
		CF95498A20CA4F700017C167 /* Main.storyboard */ = {
			isa = PBXVariantGroup;
			children = (
				CF95498B20CA4F700017C167 /* Base */,
			);
			name = Main.storyboard;
			sourceTree = "<group>";
		};
		CF95498F20CA4F720017C167 /* LaunchScreen.storyboard */ = {
			isa = PBXVariantGroup;
			children = (
				CF95499020CA4F720017C167 /* Base */,
			);
			name = LaunchScreen.storyboard;
			sourceTree = "<group>";
		};
/* End PBXVariantGroup section */

/* Begin XCBuildConfiguration section */
		CF95499320CA4F720017C167 /* Debug */ = {
			isa = XCBuildConfiguration;
			buildSettings = {
				ALWAYS_SEARCH_USER_PATHS = NO;
				CLANG_ANALYZER_NONNULL = YES;
				CLANG_ANALYZER_NUMBER_OBJECT_CONVERSION = YES_AGGRESSIVE;
				CLANG_CXX_LANGUAGE_STANDARD = "gnu++14";
				CLANG_CXX_LIBRARY = "libc++";
				CLANG_ENABLE_MODULES = YES;
				CLANG_ENABLE_OBJC_ARC = YES;
				CLANG_ENABLE_OBJC_WEAK = YES;
				CLANG_WARN_BLOCK_CAPTURE_AUTORELEASING = YES;
				CLANG_WARN_BOOL_CONVERSION = YES;
				CLANG_WARN_COMMA = YES;
				CLANG_WARN_CONSTANT_CONVERSION = YES;
				CLANG_WARN_DEPRECATED_OBJC_IMPLEMENTATIONS = YES;
				CLANG_WARN_DIRECT_OBJC_ISA_USAGE = YES_ERROR;
				CLANG_WARN_DOCUMENTATION_COMMENTS = YES;
				CLANG_WARN_EMPTY_BODY = YES;
				CLANG_WARN_ENUM_CONVERSION = YES;
				CLANG_WARN_INFINITE_RECURSION = YES;
				CLANG_WARN_INT_CONVERSION = YES;
				CLANG_WARN_NON_LITERAL_NULL_CONVERSION = YES;
				CLANG_WARN_OBJC_IMPLICIT_RETAIN_SELF = YES;
				CLANG_WARN_OBJC_LITERAL_CONVERSION = YES;
				CLANG_WARN_OBJC_ROOT_CLASS = YES_ERROR;
				CLANG_WARN_RANGE_LOOP_ANALYSIS = YES;
				CLANG_WARN_STRICT_PROTOTYPES = YES;
				CLANG_WARN_SUSPICIOUS_MOVE = YES;
				CLANG_WARN_UNGUARDED_AVAILABILITY = YES_AGGRESSIVE;
				CLANG_WARN_UNREACHABLE_CODE = YES;
				CLANG_WARN__DUPLICATE_METHOD_MATCH = YES;
				CODE_SIGN_IDENTITY = "iPhone Developer";
				COPY_PHASE_STRIP = NO;
				DEBUG_INFORMATION_FORMAT = dwarf;
				ENABLE_STRICT_OBJC_MSGSEND = YES;
				ENABLE_TESTABILITY = YES;
				GCC_C_LANGUAGE_STANDARD = gnu11;
				GCC_DYNAMIC_NO_PIC = NO;
				GCC_NO_COMMON_BLOCKS = YES;
				GCC_OPTIMIZATION_LEVEL = 0;
				GCC_PREPROCESSOR_DEFINITIONS = (
					"DEBUG=1",
					"$(inherited)",
				);
				GCC_WARN_64_TO_32_BIT_CONVERSION = YES;
				GCC_WARN_ABOUT_RETURN_TYPE = YES_ERROR;
				GCC_WARN_UNDECLARED_SELECTOR = YES;
				GCC_WARN_UNINITIALIZED_AUTOS = YES_AGGRESSIVE;
				GCC_WARN_UNUSED_FUNCTION = YES;
				GCC_WARN_UNUSED_VARIABLE = YES;
				IPHONEOS_DEPLOYMENT_TARGET = 11.4;
				MTL_ENABLE_DEBUG_INFO = YES;
				ONLY_ACTIVE_ARCH = YES;
				SDKROOT = iphoneos;
				SWIFT_ACTIVE_COMPILATION_CONDITIONS = DEBUG;
				SWIFT_OPTIMIZATION_LEVEL = "-Onone";
			};
			name = Debug;
		};
		CF95499420CA4F720017C167 /* Release */ = {
			isa = XCBuildConfiguration;
			buildSettings = {
				ALWAYS_SEARCH_USER_PATHS = NO;
				CLANG_ANALYZER_NONNULL = YES;
				CLANG_ANALYZER_NUMBER_OBJECT_CONVERSION = YES_AGGRESSIVE;
				CLANG_CXX_LANGUAGE_STANDARD = "gnu++14";
				CLANG_CXX_LIBRARY = "libc++";
				CLANG_ENABLE_MODULES = YES;
				CLANG_ENABLE_OBJC_ARC = YES;
				CLANG_ENABLE_OBJC_WEAK = YES;
				CLANG_WARN_BLOCK_CAPTURE_AUTORELEASING = YES;
				CLANG_WARN_BOOL_CONVERSION = YES;
				CLANG_WARN_COMMA = YES;
				CLANG_WARN_CONSTANT_CONVERSION = YES;
				CLANG_WARN_DEPRECATED_OBJC_IMPLEMENTATIONS = YES;
				CLANG_WARN_DIRECT_OBJC_ISA_USAGE = YES_ERROR;
				CLANG_WARN_DOCUMENTATION_COMMENTS = YES;
				CLANG_WARN_EMPTY_BODY = YES;
				CLANG_WARN_ENUM_CONVERSION = YES;
				CLANG_WARN_INFINITE_RECURSION = YES;
				CLANG_WARN_INT_CONVERSION = YES;
				CLANG_WARN_NON_LITERAL_NULL_CONVERSION = YES;
				CLANG_WARN_OBJC_IMPLICIT_RETAIN_SELF = YES;
				CLANG_WARN_OBJC_LITERAL_CONVERSION = YES;
				CLANG_WARN_OBJC_ROOT_CLASS = YES_ERROR;
				CLANG_WARN_RANGE_LOOP_ANALYSIS = YES;
				CLANG_WARN_STRICT_PROTOTYPES = YES;
				CLANG_WARN_SUSPICIOUS_MOVE = YES;
				CLANG_WARN_UNGUARDED_AVAILABILITY = YES_AGGRESSIVE;
				CLANG_WARN_UNREACHABLE_CODE = YES;
				CLANG_WARN__DUPLICATE_METHOD_MATCH = YES;
				CODE_SIGN_IDENTITY = "iPhone Developer";
				COPY_PHASE_STRIP = NO;
				DEBUG_INFORMATION_FORMAT = "dwarf-with-dsym";
				ENABLE_NS_ASSERTIONS = NO;
				ENABLE_STRICT_OBJC_MSGSEND = YES;
				GCC_C_LANGUAGE_STANDARD = gnu11;
				GCC_NO_COMMON_BLOCKS = YES;
				GCC_WARN_64_TO_32_BIT_CONVERSION = YES;
				GCC_WARN_ABOUT_RETURN_TYPE = YES_ERROR;
				GCC_WARN_UNDECLARED_SELECTOR = YES;
				GCC_WARN_UNINITIALIZED_AUTOS = YES_AGGRESSIVE;
				GCC_WARN_UNUSED_FUNCTION = YES;
				GCC_WARN_UNUSED_VARIABLE = YES;
				IPHONEOS_DEPLOYMENT_TARGET = 11.4;
				MTL_ENABLE_DEBUG_INFO = NO;
				SDKROOT = iphoneos;
				SWIFT_COMPILATION_MODE = wholemodule;
				SWIFT_OPTIMIZATION_LEVEL = "-O";
				VALIDATE_PRODUCT = YES;
			};
			name = Release;
		};
		CF95499620CA4F720017C167 /* Debug */ = {
			isa = XCBuildConfiguration;
			baseConfigurationReference = B8D7722CFDBD84331A79842B /* Pods-IPAKeyboard.debug.xcconfig */;
			buildSettings = {
				ALWAYS_EMBED_SWIFT_STANDARD_LIBRARIES = YES;
				ASSETCATALOG_COMPILER_APPICON_NAME = AppIcon;
				CODE_SIGN_STYLE = Automatic;
				INFOPLIST_FILE = IPAKeyboard/Info.plist;
				LD_RUNPATH_SEARCH_PATHS = (
					"$(inherited)",
					"@executable_path/Frameworks",
				);
				PRODUCT_BUNDLE_IDENTIFIER = com.thieumao.IPAKeyboard;
				PRODUCT_NAME = "$(TARGET_NAME)";
				SWIFT_VERSION = 4.0;
				TARGETED_DEVICE_FAMILY = "1,2";
			};
			name = Debug;
		};
		CF95499720CA4F720017C167 /* Release */ = {
			isa = XCBuildConfiguration;
			baseConfigurationReference = 9B06B9FE3A8EE2DA504279DB /* Pods-IPAKeyboard.release.xcconfig */;
			buildSettings = {
				ALWAYS_EMBED_SWIFT_STANDARD_LIBRARIES = YES;
				ASSETCATALOG_COMPILER_APPICON_NAME = AppIcon;
				CODE_SIGN_STYLE = Automatic;
				INFOPLIST_FILE = IPAKeyboard/Info.plist;
				LD_RUNPATH_SEARCH_PATHS = (
					"$(inherited)",
					"@executable_path/Frameworks",
				);
				PRODUCT_BUNDLE_IDENTIFIER = com.thieumao.IPAKeyboard;
				PRODUCT_NAME = "$(TARGET_NAME)";
				SWIFT_VERSION = 4.0;
				TARGETED_DEVICE_FAMILY = "1,2";
			};
			name = Release;
		};
		CF9549A520CA4FF00017C167 /* Debug */ = {
			isa = XCBuildConfiguration;
			baseConfigurationReference = C340F9D4F5444124676F1AF6 /* Pods-CustomKeyboard.debug.xcconfig */;
			buildSettings = {
				CODE_SIGN_STYLE = Automatic;
				INFOPLIST_FILE = CustomKeyboard/Info.plist;
				LD_RUNPATH_SEARCH_PATHS = (
					"$(inherited)",
					"@executable_path/Frameworks",
					"@executable_path/../../Frameworks",
				);
				PRODUCT_BUNDLE_IDENTIFIER = com.thieumao.IPAKeyboard.CustomKeyboard;
				PRODUCT_NAME = "$(TARGET_NAME)";
				SKIP_INSTALL = YES;
				SWIFT_VERSION = 4.0;
				TARGETED_DEVICE_FAMILY = "1,2";
			};
			name = Debug;
		};
		CF9549A620CA4FF00017C167 /* Release */ = {
			isa = XCBuildConfiguration;
			baseConfigurationReference = 71307C6D0B2109CCD422BE57 /* Pods-CustomKeyboard.release.xcconfig */;
			buildSettings = {
				CODE_SIGN_STYLE = Automatic;
				INFOPLIST_FILE = CustomKeyboard/Info.plist;
				LD_RUNPATH_SEARCH_PATHS = (
					"$(inherited)",
					"@executable_path/Frameworks",
					"@executable_path/../../Frameworks",
				);
				PRODUCT_BUNDLE_IDENTIFIER = com.thieumao.IPAKeyboard.CustomKeyboard;
				PRODUCT_NAME = "$(TARGET_NAME)";
				SKIP_INSTALL = YES;
				SWIFT_VERSION = 4.0;
				TARGETED_DEVICE_FAMILY = "1,2";
			};
			name = Release;
		};
/* End XCBuildConfiguration section */

/* Begin XCConfigurationList section */
		CF95497E20CA4F700017C167 /* Build configuration list for PBXProject "IPAKeyboard" */ = {
			isa = XCConfigurationList;
			buildConfigurations = (
				CF95499320CA4F720017C167 /* Debug */,
				CF95499420CA4F720017C167 /* Release */,
			);
			defaultConfigurationIsVisible = 0;
			defaultConfigurationName = Release;
		};
		CF95499520CA4F720017C167 /* Build configuration list for PBXNativeTarget "IPAKeyboard" */ = {
			isa = XCConfigurationList;
			buildConfigurations = (
				CF95499620CA4F720017C167 /* Debug */,
				CF95499720CA4F720017C167 /* Release */,
			);
			defaultConfigurationIsVisible = 0;
			defaultConfigurationName = Release;
		};
		CF9549A420CA4FF00017C167 /* Build configuration list for PBXNativeTarget "CustomKeyboard" */ = {
			isa = XCConfigurationList;
			buildConfigurations = (
				CF9549A520CA4FF00017C167 /* Debug */,
				CF9549A620CA4FF00017C167 /* Release */,
			);
			defaultConfigurationIsVisible = 0;
			defaultConfigurationName = Release;
		};
/* End XCConfigurationList section */
	};
	rootObject = CF95497B20CA4F700017C167 /* Project object */;
}
